
Microsoft Visual Studio Solution File, Format Version 12.00
# Visual Studio 2013
VisualStudioVersion = 12.0.21005.1
MinimumVisualStudioVersion = 10.0.40219.1
Project("{FAE04EC0-301F-11D3-BF4B-00C04F79EFBC}") = "QL_HocSinh_GiaoVien_THPT", "QL_HocSinh_GiaoVien_THPT\QL_HocSinh_GiaoVien_THPT.csproj", "{2A1A84CC-F046-4043-8AFB-05D9FB9D5DCE}"
EndProject
Global
	GlobalSection(SolutionConfigurationPlatforms) = preSolution
		Debug|Any CPU = Debug|Any CPU
		Release|Any CPU = Release|Any CPU
	EndGlobalSection
	GlobalSection(ProjectConfigurationPlatforms) = postSolution
		{2A1A84CC-F046-4043-8AFB-05D9FB9D5DCE}.Debug|Any CPU.ActiveCfg = Debug|Any CPU
		{2A1A84CC-F046-4043-8AFB-05D9FB9D5DCE}.Debug|Any CPU.Build.0 = Debug|Any CPU
		{2A1A84CC-F046-4043-8AFB-05D9FB9D5DCE}.Release|Any CPU.ActiveCfg = Release|Any CPU
		{2A1A84CC-F046-4043-8AFB-05D9FB9D5DCE}.Release|Any CPU.Build.0 = Release|Any CPU
	EndGlobalSection
	GlobalSection(SolutionProperties) = preSolution
		HideSolutionNode = FALSE
	EndGlobalSection
EndGlobal
